
Microsoft Visual Studio Solution File, Format Version 12.00
# Visual Studio Version 16
VisualStudioVersion = 16.0.31424.327
MinimumVisualStudioVersion = 10.0.40219.1
Project("{FAE04EC0-301F-11D3-BF4B-00C04F79EFBC}") = "Lab4Denschyk", "Lab4Denschyk.csproj", "{FDFE52B6-31B1-4400-BD68-BD941F985F83}"
EndProject
Global
	GlobalSection(SolutionConfigurationPlatforms) = preSolution
		Debug|Any CPU = Debug|Any CPU
		Release|Any CPU = Release|Any CPU
	EndGlobalSection
	GlobalSection(ProjectConfigurationPlatforms) = postSolution
		{FDFE52B6-31B1-4400-BD68-BD941F985F83}.Debug|Any CPU.ActiveCfg = Debug|Any CPU
		{FDFE52B6-31B1-4400-BD68-BD941F985F83}.Debug|Any CPU.Build.0 = Debug|Any CPU
		{FDFE52B6-31B1-4400-BD68-BD941F985F83}.Release|Any CPU.ActiveCfg = Release|Any CPU
		{FDFE52B6-31B1-4400-BD68-BD941F985F83}.Release|Any CPU.Build.0 = Release|Any CPU
	EndGlobalSection
	GlobalSection(SolutionProperties) = preSolution
		HideSolutionNode = FALSE
	EndGlobalSection
	GlobalSection(ExtensibilityGlobals) = postSolution
		SolutionGuid = {434C41C4-FC6C-4410-BC49-FE59504D55EC}
	EndGlobalSection
EndGlobal
